
Microsoft Visual Studio Solution File, Format Version 12.00
# Visual Studio Version 17
VisualStudioVersion = 17.5.33414.496
MinimumVisualStudioVersion = 10.0.40219.1
Project("{FAE04EC0-301F-11D3-BF4B-00C04F79EFBC}") = "DETODOUNPOCO", "DETODOUNPOCO\DETODOUNPOCO.csproj", "{854A336D-16BA-4F5B-AA21-5D98EDEDA2DF}"
EndProject
Global
	GlobalSection(SolutionConfigurationPlatforms) = preSolution
		Debug|Any CPU = Debug|Any CPU
		Release|Any CPU = Release|Any CPU
	EndGlobalSection
	GlobalSection(ProjectConfigurationPlatforms) = postSolution
		{854A336D-16BA-4F5B-AA21-5D98EDEDA2DF}.Debug|Any CPU.ActiveCfg = Debug|Any CPU
		{854A336D-16BA-4F5B-AA21-5D98EDEDA2DF}.Debug|Any CPU.Build.0 = Debug|Any CPU
		{854A336D-16BA-4F5B-AA21-5D98EDEDA2DF}.Release|Any CPU.ActiveCfg = Release|Any CPU
		{854A336D-16BA-4F5B-AA21-5D98EDEDA2DF}.Release|Any CPU.Build.0 = Release|Any CPU
	EndGlobalSection
	GlobalSection(SolutionProperties) = preSolution
		HideSolutionNode = FALSE
	EndGlobalSection
	GlobalSection(ExtensibilityGlobals) = postSolution
		SolutionGuid = {12040592-032A-4840-A3E6-49E697E7257F}
	EndGlobalSection
EndGlobal
